// !$*UTF8*$!
{
	archiveVersion = 1;
	classes = {
	};
	objectVersion = 50;
	objects = {

/* Begin PBXBuildFile section */
		9FBF2B96218E09BB009212BE /* AppDelegate.swift in Sources */ = {isa = PBXBuildFile; fileRef = 9FBF2B95218E09BB009212BE /* AppDelegate.swift */; };
		9FBF2B98218E09BB009212BE /* ViewController.swift in Sources */ = {isa = PBXBuildFile; fileRef = 9FBF2B97218E09BB009212BE /* ViewController.swift */; };
		9FBF2B9D218E09BD009212BE /* Assets.xcassets in Resources */ = {isa = PBXBuildFile; fileRef = 9FBF2B9C218E09BD009212BE /* Assets.xcassets */; };
		9FBF2BA0218E09BD009212BE /* LaunchScreen.storyboard in Resources */ = {isa = PBXBuildFile; fileRef = 9FBF2B9E218E09BD009212BE /* LaunchScreen.storyboard */; };
		9FBF2BAB218E09BD009212BE /* PlasticWeightTests.swift in Sources */ = {isa = PBXBuildFile; fileRef = 9FBF2BAA218E09BD009212BE /* PlasticWeightTests.swift */; };
		9FBF2BB6218E09BE009212BE /* PlasticWeightUITests.swift in Sources */ = {isa = PBXBuildFile; fileRef = 9FBF2BB5218E09BE009212BE /* PlasticWeightUITests.swift */; };
		9FBF2BC4218E0F9C009212BE /* .gitignore in Resources */ = {isa = PBXBuildFile; fileRef = 9FBF2BC3218E0F9C009212BE /* .gitignore */; };
/* End PBXBuildFile section */

/* Begin PBXContainerItemProxy section */
		9FBF2BA7218E09BD009212BE /* PBXContainerItemProxy */ = {
			isa = PBXContainerItemProxy;
			containerPortal = 9FBF2B8A218E09BB009212BE /* Project object */;
			proxyType = 1;
			remoteGlobalIDString = 9FBF2B91218E09BB009212BE;
			remoteInfo = PlasticWeight;
		};
		9FBF2BB2218E09BD009212BE /* PBXContainerItemProxy */ = {
			isa = PBXContainerItemProxy;
			containerPortal = 9FBF2B8A218E09BB009212BE /* Project object */;
			proxyType = 1;
			remoteGlobalIDString = 9FBF2B91218E09BB009212BE;
			remoteInfo = PlasticWeight;
		};
/* End PBXContainerItemProxy section */

/* Begin PBXFileReference section */
		9FBF2B92218E09BB009212BE /* PlasticWeight.app */ = {isa = PBXFileReference; explicitFileType = wrapper.application; includeInIndex = 0; path = PlasticWeight.app; sourceTree = BUILT_PRODUCTS_DIR; };
		9FBF2B95218E09BB009212BE /* AppDelegate.swift */ = {isa = PBXFileReference; lastKnownFileType = sourcecode.swift; path = AppDelegate.swift; sourceTree = "<group>"; };
		9FBF2B97218E09BB009212BE /* ViewController.swift */ = {isa = PBXFileReference; lastKnownFileType = sourcecode.swift; path = ViewController.swift; sourceTree = "<group>"; };
		9FBF2B9C218E09BD009212BE /* Assets.xcassets */ = {isa = PBXFileReference; lastKnownFileType = folder.assetcatalog; path = Assets.xcassets; sourceTree = "<group>"; };
		9FBF2B9F218E09BD009212BE /* Base */ = {isa = PBXFileReference; lastKnownFileType = file.storyboard; name = Base; path = Base.lproj/LaunchScreen.storyboard; sourceTree = "<group>"; };
		9FBF2BA1218E09BD009212BE /* Info.plist */ = {isa = PBXFileReference; lastKnownFileType = text.plist.xml; path = Info.plist; sourceTree = "<group>"; };
		9FBF2BA6218E09BD009212BE /* PlasticWeightTests.xctest */ = {isa = PBXFileReference; explicitFileType = wrapper.cfbundle; includeInIndex = 0; path = PlasticWeightTests.xctest; sourceTree = BUILT_PRODUCTS_DIR; };
		9FBF2BAA218E09BD009212BE /* PlasticWeightTests.swift */ = {isa = PBXFileReference; lastKnownFileType = sourcecode.swift; path = PlasticWeightTests.swift; sourceTree = "<group>"; };
		9FBF2BAC218E09BD009212BE /* Info.plist */ = {isa = PBXFileReference; lastKnownFileType = text.plist.xml; path = Info.plist; sourceTree = "<group>"; };
		9FBF2BB1218E09BD009212BE /* PlasticWeightUITests.xctest */ = {isa = PBXFileReference; explicitFileType = wrapper.cfbundle; includeInIndex = 0; path = PlasticWeightUITests.xctest; sourceTree = BUILT_PRODUCTS_DIR; };
		9FBF2BB5218E09BE009212BE /* PlasticWeightUITests.swift */ = {isa = PBXFileReference; lastKnownFileType = sourcecode.swift; path = PlasticWeightUITests.swift; sourceTree = "<group>"; };
		9FBF2BB7218E09BE009212BE /* Info.plist */ = {isa = PBXFileReference; lastKnownFileType = text.plist.xml; path = Info.plist; sourceTree = "<group>"; };
		9FBF2BC3218E0F9C009212BE /* .gitignore */ = {isa = PBXFileReference; fileEncoding = 4; lastKnownFileType = text; path = .gitignore; sourceTree = "<group>"; };
/* End PBXFileReference section */

/* Begin PBXFrameworksBuildPhase section */
		9FBF2B8F218E09BB009212BE /* Frameworks */ = {
			isa = PBXFrameworksBuildPhase;
			buildActionMask = 2147483647;
			files = (
			);
			runOnlyForDeploymentPostprocessing = 0;
		};
		9FBF2BA3218E09BD009212BE /* Frameworks */ = {
			isa = PBXFrameworksBuildPhase;
			buildActionMask = 2147483647;
			files = (
			);
			runOnlyForDeploymentPostprocessing = 0;
		};
		9FBF2BAE218E09BD009212BE /* Frameworks */ = {
			isa = PBXFrameworksBuildPhase;
			buildActionMask = 2147483647;
			files = (
			);
			runOnlyForDeploymentPostprocessing = 0;
		};
/* End PBXFrameworksBuildPhase section */

/* Begin PBXGroup section */
		9FBF2B89218E09BB009212BE = {
			isa = PBXGroup;
			children = (
				9FBF2B94218E09BB009212BE /* PlasticWeight */,
				9FBF2BA9218E09BD009212BE /* PlasticWeightTests */,
				9FBF2BB4218E09BD009212BE /* PlasticWeightUITests */,
				9FBF2B93218E09BB009212BE /* Products */,
				9FBF2BC3218E0F9C009212BE /* .gitignore */,
			);
			sourceTree = "<group>";
			usesTabs = 0;
		};
		9FBF2B93218E09BB009212BE /* Products */ = {
			isa = PBXGroup;
			children = (
				9FBF2B92218E09BB009212BE /* PlasticWeight.app */,
				9FBF2BA6218E09BD009212BE /* PlasticWeightTests.xctest */,
				9FBF2BB1218E09BD009212BE /* PlasticWeightUITests.xctest */,
			);
			name = Products;
			sourceTree = "<group>";
		};
		9FBF2B94218E09BB009212BE /* PlasticWeight */ = {
			isa = PBXGroup;
			children = (
				9FBF2BC5218E495B009212BE /* Models */,
				9FBF2BC8218E4981009212BE /* Views */,
				9FBF2BC7218E4978009212BE /* Controllers */,
				9FBF2B97218E09BB009212BE /* ViewController.swift */,
				9FBF2BC9218E49A4009212BE /* Resources */,
			);
			path = PlasticWeight;
			sourceTree = "<group>";
		};
		9FBF2BA9218E09BD009212BE /* PlasticWeightTests */ = {
			isa = PBXGroup;
			children = (
				9FBF2BAA218E09BD009212BE /* PlasticWeightTests.swift */,
				9FBF2BAC218E09BD009212BE /* Info.plist */,
			);
			path = PlasticWeightTests;
			sourceTree = "<group>";
		};
		9FBF2BB4218E09BD009212BE /* PlasticWeightUITests */ = {
			isa = PBXGroup;
			children = (
				9FBF2BB5218E09BE009212BE /* PlasticWeightUITests.swift */,
				9FBF2BB7218E09BE009212BE /* Info.plist */,
			);
			path = PlasticWeightUITests;
			sourceTree = "<group>";
		};
		9FBF2BC5218E495B009212BE /* Models */ = {
			isa = PBXGroup;
			children = (
			);
			path = Models;
			sourceTree = "<group>";
		};
		9FBF2BC7218E4978009212BE /* Controllers */ = {
			isa = PBXGroup;
			children = (
			);
			path = Controllers;
			sourceTree = "<group>";
		};
		9FBF2BC8218E4981009212BE /* Views */ = {
			isa = PBXGroup;
			children = (
			);
			path = Views;
			sourceTree = "<group>";
		};
		9FBF2BC9218E49A4009212BE /* Resources */ = {
			isa = PBXGroup;
			children = (
				9FBF2B95218E09BB009212BE /* AppDelegate.swift */,
				9FBF2B9C218E09BD009212BE /* Assets.xcassets */,
				9FBF2B9E218E09BD009212BE /* LaunchScreen.storyboard */,
				9FBF2BA1218E09BD009212BE /* Info.plist */,
			);
			name = Resources;
			sourceTree = "<group>";
		};
/* End PBXGroup section */

/* Begin PBXNativeTarget section */
		9FBF2B91218E09BB009212BE /* PlasticWeight */ = {
			isa = PBXNativeTarget;
			buildConfigurationList = 9FBF2BBA218E09BE009212BE /* Build configuration list for PBXNativeTarget "PlasticWeight" */;
			buildPhases = (
				9FBF2B8E218E09BB009212BE /* Sources */,
				9FBF2B8F218E09BB009212BE /* Frameworks */,
				9FBF2B90218E09BB009212BE /* Resources */,
			);
			buildRules = (
			);
			dependencies = (
			);
			name = PlasticWeight;
			productName = PlasticWeight;
			productReference = 9FBF2B92218E09BB009212BE /* PlasticWeight.app */;
			productType = "com.apple.product-type.application";
		};
		9FBF2BA5218E09BD009212BE /* PlasticWeightTests */ = {
			isa = PBXNativeTarget;
			buildConfigurationList = 9FBF2BBD218E09BE009212BE /* Build configuration list for PBXNativeTarget "PlasticWeightTests" */;
			buildPhases = (
				9FBF2BA2218E09BD009212BE /* Sources */,
				9FBF2BA3218E09BD009212BE /* Frameworks */,
				9FBF2BA4218E09BD009212BE /* Resources */,
			);
			buildRules = (
			);
			dependencies = (
				9FBF2BA8218E09BD009212BE /* PBXTargetDependency */,
			);
			name = PlasticWeightTests;
			productName = PlasticWeightTests;
			productReference = 9FBF2BA6218E09BD009212BE /* PlasticWeightTests.xctest */;
			productType = "com.apple.product-type.bundle.unit-test";
		};
		9FBF2BB0218E09BD009212BE /* PlasticWeightUITests */ = {
			isa = PBXNativeTarget;
			buildConfigurationList = 9FBF2BC0218E09BE009212BE /* Build configuration list for PBXNativeTarget "PlasticWeightUITests" */;
			buildPhases = (
				9FBF2BAD218E09BD009212BE /* Sources */,
				9FBF2BAE218E09BD009212BE /* Frameworks */,
				9FBF2BAF218E09BD009212BE /* Resources */,
			);
			buildRules = (
			);
			dependencies = (
				9FBF2BB3218E09BD009212BE /* PBXTargetDependency */,
			);
			name = PlasticWeightUITests;
			productName = PlasticWeightUITests;
			productReference = 9FBF2BB1218E09BD009212BE /* PlasticWeightUITests.xctest */;
			productType = "com.apple.product-type.bundle.ui-testing";
		};
/* End PBXNativeTarget section */

/* Begin PBXProject section */
		9FBF2B8A218E09BB009212BE /* Project object */ = {
			isa = PBXProject;
			attributes = {
				LastSwiftUpdateCheck = 1010;
				LastUpgradeCheck = 1010;
				ORGANIZATIONNAME = "Codeine Technologies LLC.";
				TargetAttributes = {
					9FBF2B91218E09BB009212BE = {
						CreatedOnToolsVersion = 10.1;
					};
					9FBF2BA5218E09BD009212BE = {
						CreatedOnToolsVersion = 10.1;
						TestTargetID = 9FBF2B91218E09BB009212BE;
					};
					9FBF2BB0218E09BD009212BE = {
						CreatedOnToolsVersion = 10.1;
						TestTargetID = 9FBF2B91218E09BB009212BE;
					};
				};
			};
			buildConfigurationList = 9FBF2B8D218E09BB009212BE /* Build configuration list for PBXProject "PlasticWeight" */;
			compatibilityVersion = "Xcode 9.3";
			developmentRegion = en;
			hasScannedForEncodings = 0;
			knownRegions = (
				en,
				Base,
			);
			mainGroup = 9FBF2B89218E09BB009212BE;
			productRefGroup = 9FBF2B93218E09BB009212BE /* Products */;
			projectDirPath = "";
			projectRoot = "";
			targets = (
				9FBF2B91218E09BB009212BE /* PlasticWeight */,
				9FBF2BA5218E09BD009212BE /* PlasticWeightTests */,
				9FBF2BB0218E09BD009212BE /* PlasticWeightUITests */,
			);
		};
/* End PBXProject section */

/* Begin PBXResourcesBuildPhase section */
		9FBF2B90218E09BB009212BE /* Resources */ = {
			isa = PBXResourcesBuildPhase;
			buildActionMask = 2147483647;
			files = (
				9FBF2BA0218E09BD009212BE /* LaunchScreen.storyboard in Resources */,
				9FBF2BC4218E0F9C009212BE /* .gitignore in Resources */,
				9FBF2B9D218E09BD009212BE /* Assets.xcassets in Resources */,
			);
			runOnlyForDeploymentPostprocessing = 0;
		};
		9FBF2BA4218E09BD009212BE /* Resources */ = {
			isa = PBXResourcesBuildPhase;
			buildActionMask = 2147483647;
			files = (
			);
			runOnlyForDeploymentPostprocessing = 0;
		};
		9FBF2BAF218E09BD009212BE /* Resources */ = {
			isa = PBXResourcesBuildPhase;
			buildActionMask = 2147483647;
			files = (
			);
			runOnlyForDeploymentPostprocessing = 0;
		};
/* End PBXResourcesBuildPhase section */

/* Begin PBXSourcesBuildPhase section */
		9FBF2B8E218E09BB009212BE /* Sources */ = {
			isa = PBXSourcesBuildPhase;
			buildActionMask = 2147483647;
			files = (
				9FBF2B98218E09BB009212BE /* ViewController.swift in Sources */,
				9FBF2B96218E09BB009212BE /* AppDelegate.swift in Sources */,
			);
			runOnlyForDeploymentPostprocessing = 0;
		};
		9FBF2BA2218E09BD009212BE /* Sources */ = {
			isa = PBXSourcesBuildPhase;
			buildActionMask = 2147483647;
			files = (
				9FBF2BAB218E09BD009212BE /* PlasticWeightTests.swift in Sources */,
			);
			runOnlyForDeploymentPostprocessing = 0;
		};
		9FBF2BAD218E09BD009212BE /* Sources */ = {
			isa = PBXSourcesBuildPhase;
			buildActionMask = 2147483647;
			files = (
				9FBF2BB6218E09BE009212BE /* PlasticWeightUITests.swift in Sources */,
			);
			runOnlyForDeploymentPostprocessing = 0;
		};
/* End PBXSourcesBuildPhase section */

/* Begin PBXTargetDependency section */
		9FBF2BA8218E09BD009212BE /* PBXTargetDependency */ = {
			isa = PBXTargetDependency;
			target = 9FBF2B91218E09BB009212BE /* PlasticWeight */;
			targetProxy = 9FBF2BA7218E09BD009212BE /* PBXContainerItemProxy */;
		};
		9FBF2BB3218E09BD009212BE /* PBXTargetDependency */ = {
			isa = PBXTargetDependency;
			target = 9FBF2B91218E09BB009212BE /* PlasticWeight */;
			targetProxy = 9FBF2BB2218E09BD009212BE /* PBXContainerItemProxy */;
		};
/* End PBXTargetDependency section */

/* Begin PBXVariantGroup section */
		9FBF2B9E218E09BD009212BE /* LaunchScreen.storyboard */ = {
			isa = PBXVariantGroup;
			children = (
				9FBF2B9F218E09BD009212BE /* Base */,
			);
			name = LaunchScreen.storyboard;
			sourceTree = "<group>";
		};
/* End PBXVariantGroup section */

/* Begin XCBuildConfiguration section */
		9FBF2BB8218E09BE009212BE /* Debug */ = {
			isa = XCBuildConfiguration;
			buildSettings = {
				ALWAYS_SEARCH_USER_PATHS = NO;
				CLANG_ANALYZER_NONNULL = YES;
				CLANG_ANALYZER_NUMBER_OBJECT_CONVERSION = YES_AGGRESSIVE;
				CLANG_CXX_LANGUAGE_STANDARD = "gnu++14";
				CLANG_CXX_LIBRARY = "libc++";
				CLANG_ENABLE_MODULES = YES;
				CLANG_ENABLE_OBJC_ARC = YES;
				CLANG_ENABLE_OBJC_WEAK = YES;
				CLANG_WARN_BLOCK_CAPTURE_AUTORELEASING = YES;
				CLANG_WARN_BOOL_CONVERSION = YES;
				CLANG_WARN_COMMA = YES;
				CLANG_WARN_CONSTANT_CONVERSION = YES;
				CLANG_WARN_DEPRECATED_OBJC_IMPLEMENTATIONS = YES;
				CLANG_WARN_DIRECT_OBJC_ISA_USAGE = YES_ERROR;
				CLANG_WARN_DOCUMENTATION_COMMENTS = YES;
				CLANG_WARN_EMPTY_BODY = YES;
				CLANG_WARN_ENUM_CONVERSION = YES;
				CLANG_WARN_INFINITE_RECURSION = YES;
				CLANG_WARN_INT_CONVERSION = YES;
				CLANG_WARN_NON_LITERAL_NULL_CONVERSION = YES;
				CLANG_WARN_OBJC_IMPLICIT_RETAIN_SELF = YES;
				CLANG_WARN_OBJC_LITERAL_CONVERSION = YES;
				CLANG_WARN_OBJC_ROOT_CLASS = YES_ERROR;
				CLANG_WARN_RANGE_LOOP_ANALYSIS = YES;
				CLANG_WARN_STRICT_PROTOTYPES = YES;
				CLANG_WARN_SUSPICIOUS_MOVE = YES;
				CLANG_WARN_UNGUARDED_AVAILABILITY = YES_AGGRESSIVE;
				CLANG_WARN_UNREACHABLE_CODE = YES;
				CLANG_WARN__DUPLICATE_METHOD_MATCH = YES;
				CODE_SIGN_IDENTITY = "iPhone Developer";
				COPY_PHASE_STRIP = NO;
				DEBUG_INFORMATION_FORMAT = dwarf;
				ENABLE_STRICT_OBJC_MSGSEND = YES;
				ENABLE_TESTABILITY = YES;
				GCC_C_LANGUAGE_STANDARD = gnu11;
				GCC_DYNAMIC_NO_PIC = NO;
				GCC_NO_COMMON_BLOCKS = YES;
				GCC_OPTIMIZATION_LEVEL = 0;
				GCC_PREPROCESSOR_DEFINITIONS = (
					"DEBUG=1",
					"$(inherited)",
				);
				GCC_WARN_64_TO_32_BIT_CONVERSION = YES;
				GCC_WARN_ABOUT_RETURN_TYPE = YES_ERROR;
				GCC_WARN_UNDECLARED_SELECTOR = YES;
				GCC_WARN_UNINITIALIZED_AUTOS = YES_AGGRESSIVE;
				GCC_WARN_UNUSED_FUNCTION = YES;
				GCC_WARN_UNUSED_VARIABLE = YES;
				IPHONEOS_DEPLOYMENT_TARGET = 12.1;
				MTL_ENABLE_DEBUG_INFO = INCLUDE_SOURCE;
				MTL_FAST_MATH = YES;
				ONLY_ACTIVE_ARCH = YES;
				SDKROOT = iphoneos;
				SWIFT_ACTIVE_COMPILATION_CONDITIONS = DEBUG;
				SWIFT_OPTIMIZATION_LEVEL = "-Onone";
			};
			name = Debug;
		};
		9FBF2BB9218E09BE009212BE /* Release */ = {
			isa = XCBuildConfiguration;
			buildSettings = {
				ALWAYS_SEARCH_USER_PATHS = NO;
				CLANG_ANALYZER_NONNULL = YES;
				CLANG_ANALYZER_NUMBER_OBJECT_CONVERSION = YES_AGGRESSIVE;
				CLANG_CXX_LANGUAGE_STANDARD = "gnu++14";
				CLANG_CXX_LIBRARY = "libc++";
				CLANG_ENABLE_MODULES = YES;
				CLANG_ENABLE_OBJC_ARC = YES;
				CLANG_ENABLE_OBJC_WEAK = YES;
				CLANG_WARN_BLOCK_CAPTURE_AUTORELEASING = YES;
				CLANG_WARN_BOOL_CONVERSION = YES;
				CLANG_WARN_COMMA = YES;
				CLANG_WARN_CONSTANT_CONVERSION = YES;
				CLANG_WARN_DEPRECATED_OBJC_IMPLEMENTATIONS = YES;
				CLANG_WARN_DIRECT_OBJC_ISA_USAGE = YES_ERROR;
				CLANG_WARN_DOCUMENTATION_COMMENTS = YES;
				CLANG_WARN_EMPTY_BODY = YES;
				CLANG_WARN_ENUM_CONVERSION = YES;
				CLANG_WARN_INFINITE_RECURSION = YES;
				CLANG_WARN_INT_CONVERSION = YES;
				CLANG_WARN_NON_LITERAL_NULL_CONVERSION = YES;
				CLANG_WARN_OBJC_IMPLICIT_RETAIN_SELF = YES;
				CLANG_WARN_OBJC_LITERAL_CONVERSION = YES;
				CLANG_WARN_OBJC_ROOT_CLASS = YES_ERROR;
				CLANG_WARN_RANGE_LOOP_ANALYSIS = YES;
				CLANG_WARN_STRICT_PROTOTYPES = YES;
				CLANG_WARN_SUSPICIOUS_MOVE = YES;
				CLANG_WARN_UNGUARDED_AVAILABILITY = YES_AGGRESSIVE;
				CLANG_WARN_UNREACHABLE_CODE = YES;
				CLANG_WARN__DUPLICATE_METHOD_MATCH = YES;
				CODE_SIGN_IDENTITY = "iPhone Developer";
				COPY_PHASE_STRIP = NO;
				DEBUG_INFORMATION_FORMAT = "dwarf-with-dsym";
				ENABLE_NS_ASSERTIONS = NO;
				ENABLE_STRICT_OBJC_MSGSEND = YES;
				GCC_C_LANGUAGE_STANDARD = gnu11;
				GCC_NO_COMMON_BLOCKS = YES;
				GCC_WARN_64_TO_32_BIT_CONVERSION = YES;
				GCC_WARN_ABOUT_RETURN_TYPE = YES_ERROR;
				GCC_WARN_UNDECLARED_SELECTOR = YES;
				GCC_WARN_UNINITIALIZED_AUTOS = YES_AGGRESSIVE;
				GCC_WARN_UNUSED_FUNCTION = YES;
				GCC_WARN_UNUSED_VARIABLE = YES;
				IPHONEOS_DEPLOYMENT_TARGET = 12.1;
				MTL_ENABLE_DEBUG_INFO = NO;
				MTL_FAST_MATH = YES;
				SDKROOT = iphoneos;
				SWIFT_COMPILATION_MODE = wholemodule;
				SWIFT_OPTIMIZATION_LEVEL = "-O";
				VALIDATE_PRODUCT = YES;
			};
			name = Release;
		};
		9FBF2BBB218E09BE009212BE /* Debug */ = {
			isa = XCBuildConfiguration;
			buildSettings = {
				ASSETCATALOG_COMPILER_APPICON_NAME = AppIcon;
				CODE_SIGN_STYLE = Automatic;
				DEVELOPMENT_TEAM = HZQ3ZGBLE6;
				INFOPLIST_FILE = PlasticWeight/Info.plist;
				IPHONEOS_DEPLOYMENT_TARGET = 10.0;
				LD_RUNPATH_SEARCH_PATHS = (
					"$(inherited)",
					"@executable_path/Frameworks",
				);
				PRODUCT_BUNDLE_IDENTIFIER = com.codeinetech.PlasticWeight;
				PRODUCT_NAME = "$(TARGET_NAME)";
				SWIFT_VERSION = 4.2;
				TARGETED_DEVICE_FAMILY = 1;
			};
			name = Debug;
		};
		9FBF2BBC218E09BE009212BE /* Release */ = {
			isa = XCBuildConfiguration;
			buildSettings = {
				ASSETCATALOG_COMPILER_APPICON_NAME = AppIcon;
				CODE_SIGN_STYLE = Automatic;
				DEVELOPMENT_TEAM = HZQ3ZGBLE6;
				INFOPLIST_FILE = PlasticWeight/Info.plist;
				IPHONEOS_DEPLOYMENT_TARGET = 10.0;
				LD_RUNPATH_SEARCH_PATHS = (
					"$(inherited)",
					"@executable_path/Frameworks",
				);
				PRODUCT_BUNDLE_IDENTIFIER = com.codeinetech.PlasticWeight;
				PRODUCT_NAME = "$(TARGET_NAME)";
				SWIFT_VERSION = 4.2;
				TARGETED_DEVICE_FAMILY = 1;
			};
			name = Release;
		};
		9FBF2BBE218E09BE009212BE /* Debug */ = {
			isa = XCBuildConfiguration;
			buildSettings = {
				ALWAYS_EMBED_SWIFT_STANDARD_LIBRARIES = YES;
				BUNDLE_LOADER = "$(TEST_HOST)";
				CODE_SIGN_STYLE = Automatic;
				DEVELOPMENT_TEAM = HZQ3ZGBLE6;
				INFOPLIST_FILE = PlasticWeightTests/Info.plist;
				LD_RUNPATH_SEARCH_PATHS = (
					"$(inherited)",
					"@executable_path/Frameworks",
					"@loader_path/Frameworks",
				);
				PRODUCT_BUNDLE_IDENTIFIER = com.codeinetech.PlasticWeightTests;
				PRODUCT_NAME = "$(TARGET_NAME)";
				SWIFT_VERSION = 4.2;
				TARGETED_DEVICE_FAMILY = "1,2";
				TEST_HOST = "$(BUILT_PRODUCTS_DIR)/PlasticWeight.app/PlasticWeight";
			};
			name = Debug;
		};
		9FBF2BBF218E09BE009212BE /* Release */ = {
			isa = XCBuildConfiguration;
			buildSettings = {
				ALWAYS_EMBED_SWIFT_STANDARD_LIBRARIES = YES;
				BUNDLE_LOADER = "$(TEST_HOST)";
				CODE_SIGN_STYLE = Automatic;
				DEVELOPMENT_TEAM = HZQ3ZGBLE6;
				INFOPLIST_FILE = PlasticWeightTests/Info.plist;
				LD_RUNPATH_SEARCH_PATHS = (
					"$(inherited)",
					"@executable_path/Frameworks",
					"@loader_path/Frameworks",
				);
				PRODUCT_BUNDLE_IDENTIFIER = com.codeinetech.PlasticWeightTests;
				PRODUCT_NAME = "$(TARGET_NAME)";
				SWIFT_VERSION = 4.2;
				TARGETED_DEVICE_FAMILY = "1,2";
				TEST_HOST = "$(BUILT_PRODUCTS_DIR)/PlasticWeight.app/PlasticWeight";
			};
			name = Release;
		};
		9FBF2BC1218E09BE009212BE /* Debug */ = {
			isa = XCBuildConfiguration;
			buildSettings = {
				ALWAYS_EMBED_SWIFT_STANDARD_LIBRARIES = YES;
				CODE_SIGN_STYLE = Automatic;
				DEVELOPMENT_TEAM = HZQ3ZGBLE6;
				INFOPLIST_FILE = PlasticWeightUITests/Info.plist;
				LD_RUNPATH_SEARCH_PATHS = (
					"$(inherited)",
					"@executable_path/Frameworks",
					"@loader_path/Frameworks",
				);
				PRODUCT_BUNDLE_IDENTIFIER = com.codeinetech.PlasticWeightUITests;
				PRODUCT_NAME = "$(TARGET_NAME)";
				SWIFT_VERSION = 4.2;
				TARGETED_DEVICE_FAMILY = "1,2";
				TEST_TARGET_NAME = PlasticWeight;
			};
			name = Debug;
		};
		9FBF2BC2218E09BE009212BE /* Release */ = {
			isa = XCBuildConfiguration;
			buildSettings = {
				ALWAYS_EMBED_SWIFT_STANDARD_LIBRARIES = YES;
				CODE_SIGN_STYLE = Automatic;
				DEVELOPMENT_TEAM = HZQ3ZGBLE6;
				INFOPLIST_FILE = PlasticWeightUITests/Info.plist;
				LD_RUNPATH_SEARCH_PATHS = (
					"$(inherited)",
					"@executable_path/Frameworks",
					"@loader_path/Frameworks",
				);
				PRODUCT_BUNDLE_IDENTIFIER = com.codeinetech.PlasticWeightUITests;
				PRODUCT_NAME = "$(TARGET_NAME)";
				SWIFT_VERSION = 4.2;
				TARGETED_DEVICE_FAMILY = "1,2";
				TEST_TARGET_NAME = PlasticWeight;
			};
			name = Release;
		};
/* End XCBuildConfiguration section */

/* Begin XCConfigurationList section */
		9FBF2B8D218E09BB009212BE /* Build configuration list for PBXProject "PlasticWeight" */ = {
			isa = XCConfigurationList;
			buildConfigurations = (
				9FBF2BB8218E09BE009212BE /* Debug */,
				9FBF2BB9218E09BE009212BE /* Release */,
			);
			defaultConfigurationIsVisible = 0;
			defaultConfigurationName = Release;
		};
		9FBF2BBA218E09BE009212BE /* Build configuration list for PBXNativeTarget "PlasticWeight" */ = {
			isa = XCConfigurationList;
			buildConfigurations = (
				9FBF2BBB218E09BE009212BE /* Debug */,
				9FBF2BBC218E09BE009212BE /* Release */,
			);
			defaultConfigurationIsVisible = 0;
			defaultConfigurationName = Release;
		};
		9FBF2BBD218E09BE009212BE /* Build configuration list for PBXNativeTarget "PlasticWeightTests" */ = {
			isa = XCConfigurationList;
			buildConfigurations = (
				9FBF2BBE218E09BE009212BE /* Debug */,
				9FBF2BBF218E09BE009212BE /* Release */,
			);
			defaultConfigurationIsVisible = 0;
			defaultConfigurationName = Release;
		};
		9FBF2BC0218E09BE009212BE /* Build configuration list for PBXNativeTarget "PlasticWeightUITests" */ = {
			isa = XCConfigurationList;
			buildConfigurations = (
				9FBF2BC1218E09BE009212BE /* Debug */,
				9FBF2BC2218E09BE009212BE /* Release */,
			);
			defaultConfigurationIsVisible = 0;
			defaultConfigurationName = Release;
		};
/* End XCConfigurationList section */
	};
	rootObject = 9FBF2B8A218E09BB009212BE /* Project object */;
}
