// !$*UTF8*$!
{
	archiveVersion = 1;
	classes = {
	};
	objectVersion = 50;
	objects = {

/* Begin PBXBuildFile section */
		9F28CF9A22EE34FD0068E71A /* SheetBarViewController.swift in Sources */ = {isa = PBXBuildFile; fileRef = 9F28CF9922EE34FD0068E71A /* SheetBarViewController.swift */; };
		9F28CF9C22EE35370068E71A /* RodViewController.swift in Sources */ = {isa = PBXBuildFile; fileRef = 9F28CF9B22EE35370068E71A /* RodViewController.swift */; };
		9F28CF9E22EE35560068E71A /* RoundTubeViewController.swift in Sources */ = {isa = PBXBuildFile; fileRef = 9F28CF9D22EE35560068E71A /* RoundTubeViewController.swift */; };
		9F28CFA022EE35660068E71A /* SquareTubeViewController.swift in Sources */ = {isa = PBXBuildFile; fileRef = 9F28CF9F22EE35660068E71A /* SquareTubeViewController.swift */; };
		9F28CFA222EE36360068E71A /* UniversalViewDelegate.swift in Sources */ = {isa = PBXBuildFile; fileRef = 9F28CFA122EE36360068E71A /* UniversalViewDelegate.swift */; };
		9F28CFA522EE3FE20068E71A /* ErrorDisplayer.swift in Sources */ = {isa = PBXBuildFile; fileRef = 9F28CFA422EE3FE20068E71A /* ErrorDisplayer.swift */; };
		9F28CFA722EE464C0068E71A /* SheetBarVCTests.swift in Sources */ = {isa = PBXBuildFile; fileRef = 9F28CFA622EE464C0068E71A /* SheetBarVCTests.swift */; };
		9F28CFA922EE4C300068E71A /* Strings.swift in Sources */ = {isa = PBXBuildFile; fileRef = 9F28CFA822EE4C300068E71A /* Strings.swift */; };
		9F28CFAD22EE4F680068E71A /* Localizable.strings in Resources */ = {isa = PBXBuildFile; fileRef = 9F28CFAF22EE4F680068E71A /* Localizable.strings */; };
		9F28CFB322F124010068E71A /* WeightCalculatorType.swift in Sources */ = {isa = PBXBuildFile; fileRef = 9F28CFB222F124010068E71A /* WeightCalculatorType.swift */; };
		9F28CFB522F126990068E71A /* MetricWeightCalculator.swift in Sources */ = {isa = PBXBuildFile; fileRef = 9F28CFB422F126990068E71A /* MetricWeightCalculator.swift */; };
		9F2D87A22293159A00205B6E /* InputField.swift in Sources */ = {isa = PBXBuildFile; fileRef = 9F2D87A12293159A00205B6E /* InputField.swift */; };
		9F2D87A422931D9900205B6E /* Form.swift in Sources */ = {isa = PBXBuildFile; fileRef = 9F2D87A322931D9900205B6E /* Form.swift */; };
		9FB8B1FC2287E3FD00AD393E /* SnapshotHelper.swift in Sources */ = {isa = PBXBuildFile; fileRef = 9FB8B1FB2287E3FD00AD393E /* SnapshotHelper.swift */; };
		9FBF2B96218E09BB009212BE /* AppDelegate.swift in Sources */ = {isa = PBXBuildFile; fileRef = 9FBF2B95218E09BB009212BE /* AppDelegate.swift */; };
		9FBF2B9D218E09BD009212BE /* Assets.xcassets in Resources */ = {isa = PBXBuildFile; fileRef = 9FBF2B9C218E09BD009212BE /* Assets.xcassets */; };
		9FBF2BA0218E09BD009212BE /* LaunchScreen.storyboard in Resources */ = {isa = PBXBuildFile; fileRef = 9FBF2B9E218E09BD009212BE /* LaunchScreen.storyboard */; };
		9FBF2BAB218E09BD009212BE /* PlasticWeightTests.swift in Sources */ = {isa = PBXBuildFile; fileRef = 9FBF2BAA218E09BD009212BE /* PlasticWeightTests.swift */; };
		9FBF2BB6218E09BE009212BE /* PlasticWeightUITests.swift in Sources */ = {isa = PBXBuildFile; fileRef = 9FBF2BB5218E09BE009212BE /* PlasticWeightUITests.swift */; };
		9FBF2BC4218E0F9C009212BE /* .gitignore in Resources */ = {isa = PBXBuildFile; fileRef = 9FBF2BC3218E0F9C009212BE /* .gitignore */; };
		9FBF2BCE218E5B1A009212BE /* PlasticMaterialTests.swift in Sources */ = {isa = PBXBuildFile; fileRef = 9FBF2BCD218E5B1A009212BE /* PlasticMaterialTests.swift */; };
		9FBF2BD0218E5B96009212BE /* Plastic.swift in Sources */ = {isa = PBXBuildFile; fileRef = 9FBF2BCF218E5B96009212BE /* Plastic.swift */; };
		9FBF2BD6218E8CFB009212BE /* PlasticManager.swift in Sources */ = {isa = PBXBuildFile; fileRef = 9FBF2BD5218E8CFB009212BE /* PlasticManager.swift */; };
		9FBF2BD8218E9812009212BE /* CalculationFunctionsTest.swift in Sources */ = {isa = PBXBuildFile; fileRef = 9FBF2BD7218E9812009212BE /* CalculationFunctionsTest.swift */; };
		9FBF2BDA218E9851009212BE /* ImperialWeightCalculator.swift in Sources */ = {isa = PBXBuildFile; fileRef = 9FBF2BD9218E9851009212BE /* ImperialWeightCalculator.swift */; };
		9FBF2BDC218E9892009212BE /* CalculationError.swift in Sources */ = {isa = PBXBuildFile; fileRef = 9FBF2BDB218E9892009212BE /* CalculationError.swift */; };
		9FBF2BDE218E98F4009212BE /* Extensions.swift in Sources */ = {isa = PBXBuildFile; fileRef = 9FBF2BDD218E98F4009212BE /* Extensions.swift */; };
		9FBF2BE0218E9950009212BE /* CalculationErrorTests.swift in Sources */ = {isa = PBXBuildFile; fileRef = 9FBF2BDF218E9950009212BE /* CalculationErrorTests.swift */; };
		9FBF2BE3218EABE9009212BE /* MainTabBarControllerTests.swift in Sources */ = {isa = PBXBuildFile; fileRef = 9FBF2BE2218EABE9009212BE /* MainTabBarControllerTests.swift */; };
		9FBF2BE5218EACC6009212BE /* MainTabBarController.swift in Sources */ = {isa = PBXBuildFile; fileRef = 9FBF2BE4218EACC6009212BE /* MainTabBarController.swift */; };
		9FBF2BF5218EDF2B009212BE /* UniversalView.swift in Sources */ = {isa = PBXBuildFile; fileRef = 9FBF2BF4218EDF2B009212BE /* UniversalView.swift */; };
		9FBF2BF7218EDFD6009212BE /* MaterialType.swift in Sources */ = {isa = PBXBuildFile; fileRef = 9FBF2BF6218EDFD6009212BE /* MaterialType.swift */; };
		9FBF2BF9218EE3BD009212BE /* DimensionTextField.swift in Sources */ = {isa = PBXBuildFile; fileRef = 9FBF2BF8218EE3BD009212BE /* DimensionTextField.swift */; };
		9FBF2BFF218F4D81009212BE /* UniversalViewTests.swift in Sources */ = {isa = PBXBuildFile; fileRef = 9FBF2BFE218F4D81009212BE /* UniversalViewTests.swift */; };
		9FBF2C01218F878E009212BE /* DimensionTextFieldTests.swift in Sources */ = {isa = PBXBuildFile; fileRef = 9FBF2C00218F878E009212BE /* DimensionTextFieldTests.swift */; };
		9FBF2C09219008BF009212BE /* DimensionLabel.swift in Sources */ = {isa = PBXBuildFile; fileRef = 9FBF2C08219008BF009212BE /* DimensionLabel.swift */; };
		9FBF2C0B21900FA6009212BE /* RadiusButton.swift in Sources */ = {isa = PBXBuildFile; fileRef = 9FBF2C0A21900FA6009212BE /* RadiusButton.swift */; };
		9FBF2C0F21903763009212BE /* TextFieldStackView.swift in Sources */ = {isa = PBXBuildFile; fileRef = 9FBF2C0E21903763009212BE /* TextFieldStackView.swift */; };
		9FBF2C1321903F6D009212BE /* ErrorMessages.swift in Sources */ = {isa = PBXBuildFile; fileRef = 9FBF2C1221903F6D009212BE /* ErrorMessages.swift */; };
/* End PBXBuildFile section */

/* Begin PBXContainerItemProxy section */
		9FBF2BA7218E09BD009212BE /* PBXContainerItemProxy */ = {
			isa = PBXContainerItemProxy;
			containerPortal = 9FBF2B8A218E09BB009212BE /* Project object */;
			proxyType = 1;
			remoteGlobalIDString = 9FBF2B91218E09BB009212BE;
			remoteInfo = PlasticWeight;
		};
		9FBF2BB2218E09BD009212BE /* PBXContainerItemProxy */ = {
			isa = PBXContainerItemProxy;
			containerPortal = 9FBF2B8A218E09BB009212BE /* Project object */;
			proxyType = 1;
			remoteGlobalIDString = 9FBF2B91218E09BB009212BE;
			remoteInfo = PlasticWeight;
		};
/* End PBXContainerItemProxy section */

/* Begin PBXFileReference section */
		9F28CF9922EE34FD0068E71A /* SheetBarViewController.swift */ = {isa = PBXFileReference; lastKnownFileType = sourcecode.swift; path = SheetBarViewController.swift; sourceTree = "<group>"; };
		9F28CF9B22EE35370068E71A /* RodViewController.swift */ = {isa = PBXFileReference; lastKnownFileType = sourcecode.swift; path = RodViewController.swift; sourceTree = "<group>"; };
		9F28CF9D22EE35560068E71A /* RoundTubeViewController.swift */ = {isa = PBXFileReference; lastKnownFileType = sourcecode.swift; path = RoundTubeViewController.swift; sourceTree = "<group>"; };
		9F28CF9F22EE35660068E71A /* SquareTubeViewController.swift */ = {isa = PBXFileReference; lastKnownFileType = sourcecode.swift; path = SquareTubeViewController.swift; sourceTree = "<group>"; };
		9F28CFA122EE36360068E71A /* UniversalViewDelegate.swift */ = {isa = PBXFileReference; lastKnownFileType = sourcecode.swift; path = UniversalViewDelegate.swift; sourceTree = "<group>"; };
		9F28CFA422EE3FE20068E71A /* ErrorDisplayer.swift */ = {isa = PBXFileReference; lastKnownFileType = sourcecode.swift; path = ErrorDisplayer.swift; sourceTree = "<group>"; };
		9F28CFA622EE464C0068E71A /* SheetBarVCTests.swift */ = {isa = PBXFileReference; lastKnownFileType = sourcecode.swift; path = SheetBarVCTests.swift; sourceTree = "<group>"; };
		9F28CFA822EE4C300068E71A /* Strings.swift */ = {isa = PBXFileReference; lastKnownFileType = sourcecode.swift; path = Strings.swift; sourceTree = "<group>"; };
		9F28CFAA22EE4F260068E71A /* es */ = {isa = PBXFileReference; lastKnownFileType = text.plist.strings; name = es; path = es.lproj/LaunchScreen.strings; sourceTree = "<group>"; };
		9F28CFB022EE4F700068E71A /* en */ = {isa = PBXFileReference; lastKnownFileType = text.plist.strings; name = en; path = en.lproj/Localizable.strings; sourceTree = "<group>"; };
		9F28CFB122EE4F830068E71A /* es */ = {isa = PBXFileReference; lastKnownFileType = text.plist.strings; name = es; path = es.lproj/Localizable.strings; sourceTree = "<group>"; };
		9F28CFB222F124010068E71A /* WeightCalculatorType.swift */ = {isa = PBXFileReference; lastKnownFileType = sourcecode.swift; path = WeightCalculatorType.swift; sourceTree = "<group>"; };
		9F28CFB422F126990068E71A /* MetricWeightCalculator.swift */ = {isa = PBXFileReference; lastKnownFileType = sourcecode.swift; path = MetricWeightCalculator.swift; sourceTree = "<group>"; };
		9F2D87A12293159A00205B6E /* InputField.swift */ = {isa = PBXFileReference; lastKnownFileType = sourcecode.swift; path = InputField.swift; sourceTree = "<group>"; };
		9F2D87A322931D9900205B6E /* Form.swift */ = {isa = PBXFileReference; lastKnownFileType = sourcecode.swift; path = Form.swift; sourceTree = "<group>"; };
		9FB8B1FB2287E3FD00AD393E /* SnapshotHelper.swift */ = {isa = PBXFileReference; fileEncoding = 4; lastKnownFileType = sourcecode.swift; name = SnapshotHelper.swift; path = fastlane/SnapshotHelper.swift; sourceTree = SOURCE_ROOT; };
		9FBF2B92218E09BB009212BE /* PlasticWeight.app */ = {isa = PBXFileReference; explicitFileType = wrapper.application; includeInIndex = 0; path = PlasticWeight.app; sourceTree = BUILT_PRODUCTS_DIR; };
		9FBF2B95218E09BB009212BE /* AppDelegate.swift */ = {isa = PBXFileReference; lastKnownFileType = sourcecode.swift; path = AppDelegate.swift; sourceTree = "<group>"; };
		9FBF2B9C218E09BD009212BE /* Assets.xcassets */ = {isa = PBXFileReference; lastKnownFileType = folder.assetcatalog; path = Assets.xcassets; sourceTree = "<group>"; };
		9FBF2B9F218E09BD009212BE /* Base */ = {isa = PBXFileReference; lastKnownFileType = file.storyboard; name = Base; path = Base.lproj/LaunchScreen.storyboard; sourceTree = "<group>"; };
		9FBF2BA1218E09BD009212BE /* Info.plist */ = {isa = PBXFileReference; lastKnownFileType = text.plist.xml; path = Info.plist; sourceTree = "<group>"; };
		9FBF2BA6218E09BD009212BE /* PlasticWeightTests.xctest */ = {isa = PBXFileReference; explicitFileType = wrapper.cfbundle; includeInIndex = 0; path = PlasticWeightTests.xctest; sourceTree = BUILT_PRODUCTS_DIR; };
		9FBF2BAA218E09BD009212BE /* PlasticWeightTests.swift */ = {isa = PBXFileReference; lastKnownFileType = sourcecode.swift; path = PlasticWeightTests.swift; sourceTree = "<group>"; };
		9FBF2BAC218E09BD009212BE /* Info.plist */ = {isa = PBXFileReference; lastKnownFileType = text.plist.xml; path = Info.plist; sourceTree = "<group>"; };
		9FBF2BB1218E09BD009212BE /* PlasticWeightUITests.xctest */ = {isa = PBXFileReference; explicitFileType = wrapper.cfbundle; includeInIndex = 0; path = PlasticWeightUITests.xctest; sourceTree = BUILT_PRODUCTS_DIR; };
		9FBF2BB5218E09BE009212BE /* PlasticWeightUITests.swift */ = {isa = PBXFileReference; lastKnownFileType = sourcecode.swift; path = PlasticWeightUITests.swift; sourceTree = "<group>"; };
		9FBF2BB7218E09BE009212BE /* Info.plist */ = {isa = PBXFileReference; lastKnownFileType = text.plist.xml; path = Info.plist; sourceTree = "<group>"; };
		9FBF2BC3218E0F9C009212BE /* .gitignore */ = {isa = PBXFileReference; fileEncoding = 4; lastKnownFileType = text; path = .gitignore; sourceTree = "<group>"; };
		9FBF2BCD218E5B1A009212BE /* PlasticMaterialTests.swift */ = {isa = PBXFileReference; lastKnownFileType = sourcecode.swift; path = PlasticMaterialTests.swift; sourceTree = "<group>"; };
		9FBF2BCF218E5B96009212BE /* Plastic.swift */ = {isa = PBXFileReference; lastKnownFileType = sourcecode.swift; path = Plastic.swift; sourceTree = "<group>"; };
		9FBF2BD5218E8CFB009212BE /* PlasticManager.swift */ = {isa = PBXFileReference; lastKnownFileType = sourcecode.swift; path = PlasticManager.swift; sourceTree = "<group>"; };
		9FBF2BD7218E9812009212BE /* CalculationFunctionsTest.swift */ = {isa = PBXFileReference; lastKnownFileType = sourcecode.swift; path = CalculationFunctionsTest.swift; sourceTree = "<group>"; };
		9FBF2BD9218E9851009212BE /* ImperialWeightCalculator.swift */ = {isa = PBXFileReference; lastKnownFileType = sourcecode.swift; path = ImperialWeightCalculator.swift; sourceTree = "<group>"; };
		9FBF2BDB218E9892009212BE /* CalculationError.swift */ = {isa = PBXFileReference; lastKnownFileType = sourcecode.swift; path = CalculationError.swift; sourceTree = "<group>"; };
		9FBF2BDD218E98F4009212BE /* Extensions.swift */ = {isa = PBXFileReference; lastKnownFileType = sourcecode.swift; path = Extensions.swift; sourceTree = "<group>"; };
		9FBF2BDF218E9950009212BE /* CalculationErrorTests.swift */ = {isa = PBXFileReference; lastKnownFileType = sourcecode.swift; path = CalculationErrorTests.swift; sourceTree = "<group>"; };
		9FBF2BE2218EABE9009212BE /* MainTabBarControllerTests.swift */ = {isa = PBXFileReference; lastKnownFileType = sourcecode.swift; path = MainTabBarControllerTests.swift; sourceTree = "<group>"; };
		9FBF2BE4218EACC6009212BE /* MainTabBarController.swift */ = {isa = PBXFileReference; lastKnownFileType = sourcecode.swift; path = MainTabBarController.swift; sourceTree = "<group>"; };
		9FBF2BF4218EDF2B009212BE /* UniversalView.swift */ = {isa = PBXFileReference; lastKnownFileType = sourcecode.swift; path = UniversalView.swift; sourceTree = "<group>"; };
		9FBF2BF6218EDFD6009212BE /* MaterialType.swift */ = {isa = PBXFileReference; lastKnownFileType = sourcecode.swift; path = MaterialType.swift; sourceTree = "<group>"; };
		9FBF2BF8218EE3BD009212BE /* DimensionTextField.swift */ = {isa = PBXFileReference; fileEncoding = 4; lastKnownFileType = sourcecode.swift; path = DimensionTextField.swift; sourceTree = "<group>"; };
		9FBF2BFE218F4D81009212BE /* UniversalViewTests.swift */ = {isa = PBXFileReference; lastKnownFileType = sourcecode.swift; path = UniversalViewTests.swift; sourceTree = "<group>"; };
		9FBF2C00218F878E009212BE /* DimensionTextFieldTests.swift */ = {isa = PBXFileReference; lastKnownFileType = sourcecode.swift; path = DimensionTextFieldTests.swift; sourceTree = "<group>"; };
		9FBF2C08219008BF009212BE /* DimensionLabel.swift */ = {isa = PBXFileReference; lastKnownFileType = sourcecode.swift; path = DimensionLabel.swift; sourceTree = "<group>"; };
		9FBF2C0A21900FA6009212BE /* RadiusButton.swift */ = {isa = PBXFileReference; fileEncoding = 4; lastKnownFileType = sourcecode.swift; path = RadiusButton.swift; sourceTree = "<group>"; };
		9FBF2C0E21903763009212BE /* TextFieldStackView.swift */ = {isa = PBXFileReference; fileEncoding = 4; lastKnownFileType = sourcecode.swift; path = TextFieldStackView.swift; sourceTree = "<group>"; };
		9FBF2C1221903F6D009212BE /* ErrorMessages.swift */ = {isa = PBXFileReference; fileEncoding = 4; lastKnownFileType = sourcecode.swift; path = ErrorMessages.swift; sourceTree = "<group>"; };
/* End PBXFileReference section */

/* Begin PBXFrameworksBuildPhase section */
		9FBF2B8F218E09BB009212BE /* Frameworks */ = {
			isa = PBXFrameworksBuildPhase;
			buildActionMask = 2147483647;
			files = (
			);
			runOnlyForDeploymentPostprocessing = 0;
		};
		9FBF2BA3218E09BD009212BE /* Frameworks */ = {
			isa = PBXFrameworksBuildPhase;
			buildActionMask = 2147483647;
			files = (
			);
			runOnlyForDeploymentPostprocessing = 0;
		};
		9FBF2BAE218E09BD009212BE /* Frameworks */ = {
			isa = PBXFrameworksBuildPhase;
			buildActionMask = 2147483647;
			files = (
			);
			runOnlyForDeploymentPostprocessing = 0;
		};
/* End PBXFrameworksBuildPhase section */

/* Begin PBXGroup section */
		9F28CFA322EE3B540068E71A /* ConrollerTests */ = {
			isa = PBXGroup;
			children = (
				9F28CFA622EE464C0068E71A /* SheetBarVCTests.swift */,
			);
			path = ConrollerTests;
			sourceTree = "<group>";
		};
		9F28CFB622F1272F0068E71A /* Calculators */ = {
			isa = PBXGroup;
			children = (
				9F28CFB222F124010068E71A /* WeightCalculatorType.swift */,
				9FBF2BD9218E9851009212BE /* ImperialWeightCalculator.swift */,
				9F28CFB422F126990068E71A /* MetricWeightCalculator.swift */,
			);
			path = Calculators;
			sourceTree = "<group>";
		};
		9FBF2B89218E09BB009212BE = {
			isa = PBXGroup;
			children = (
				9FBF2B94218E09BB009212BE /* PlasticWeight */,
				9FBF2BA9218E09BD009212BE /* PlasticWeightTests */,
				9FBF2BB4218E09BD009212BE /* PlasticWeightUITests */,
				9FBF2B93218E09BB009212BE /* Products */,
				9FBF2BC3218E0F9C009212BE /* .gitignore */,
			);
			sourceTree = "<group>";
			usesTabs = 0;
		};
		9FBF2B93218E09BB009212BE /* Products */ = {
			isa = PBXGroup;
			children = (
				9FBF2B92218E09BB009212BE /* PlasticWeight.app */,
				9FBF2BA6218E09BD009212BE /* PlasticWeightTests.xctest */,
				9FBF2BB1218E09BD009212BE /* PlasticWeightUITests.xctest */,
			);
			name = Products;
			sourceTree = "<group>";
		};
		9FBF2B94218E09BB009212BE /* PlasticWeight */ = {
			isa = PBXGroup;
			children = (
				9FBF2BCA218E4AB9009212BE /* Utils */,
				9FBF2BC5218E495B009212BE /* Models */,
				9FBF2BC8218E4981009212BE /* Views */,
				9FBF2BC7218E4978009212BE /* Controllers */,
				9FBF2BC9218E49A4009212BE /* Resources */,
			);
			path = PlasticWeight;
			sourceTree = "<group>";
		};
		9FBF2BA9218E09BD009212BE /* PlasticWeightTests */ = {
			isa = PBXGroup;
			children = (
				9FBF2BCB218E4AD1009212BE /* UtilsTests */,
				9FBF2BCC218E4AEF009212BE /* ModelsTest */,
				9FBF2BFD218F4D4E009212BE /* ViewsTests */,
				9FBF2BE1218EAB85009212BE /* ControllersTests */,
				9FBF2BAA218E09BD009212BE /* PlasticWeightTests.swift */,
				9FBF2BAC218E09BD009212BE /* Info.plist */,
			);
			path = PlasticWeightTests;
			sourceTree = "<group>";
		};
		9FBF2BB4218E09BD009212BE /* PlasticWeightUITests */ = {
			isa = PBXGroup;
			children = (
				9F28CFA322EE3B540068E71A /* ConrollerTests */,
				9FB8B1FB2287E3FD00AD393E /* SnapshotHelper.swift */,
				9FBF2BB5218E09BE009212BE /* PlasticWeightUITests.swift */,
				9FBF2BB7218E09BE009212BE /* Info.plist */,
			);
			path = PlasticWeightUITests;
			sourceTree = "<group>";
		};
		9FBF2BC5218E495B009212BE /* Models */ = {
			isa = PBXGroup;
			children = (
				9F28CFB622F1272F0068E71A /* Calculators */,
				9FBF2BCF218E5B96009212BE /* Plastic.swift */,
				9FBF2BD5218E8CFB009212BE /* PlasticManager.swift */,
				9FBF2BF6218EDFD6009212BE /* MaterialType.swift */,
				9F2D87A12293159A00205B6E /* InputField.swift */,
				9F2D87A322931D9900205B6E /* Form.swift */,
			);
			path = Models;
			sourceTree = "<group>";
		};
		9FBF2BC7218E4978009212BE /* Controllers */ = {
			isa = PBXGroup;
			children = (
				9FBF2BE4218EACC6009212BE /* MainTabBarController.swift */,
				9F28CF9922EE34FD0068E71A /* SheetBarViewController.swift */,
				9F28CF9B22EE35370068E71A /* RodViewController.swift */,
				9F28CF9D22EE35560068E71A /* RoundTubeViewController.swift */,
				9F28CF9F22EE35660068E71A /* SquareTubeViewController.swift */,
			);
			path = Controllers;
			sourceTree = "<group>";
		};
		9FBF2BC8218E4981009212BE /* Views */ = {
			isa = PBXGroup;
			children = (
				9FBF2C0A21900FA6009212BE /* RadiusButton.swift */,
				9FBF2BF8218EE3BD009212BE /* DimensionTextField.swift */,
				9FBF2C08219008BF009212BE /* DimensionLabel.swift */,
				9FBF2C0E21903763009212BE /* TextFieldStackView.swift */,
				9FBF2BF4218EDF2B009212BE /* UniversalView.swift */,
			);
			path = Views;
			sourceTree = "<group>";
		};
		9FBF2BC9218E49A4009212BE /* Resources */ = {
			isa = PBXGroup;
			children = (
				9FBF2B95218E09BB009212BE /* AppDelegate.swift */,
				9FBF2B9C218E09BD009212BE /* Assets.xcassets */,
				9FBF2B9E218E09BD009212BE /* LaunchScreen.storyboard */,
				9FBF2BA1218E09BD009212BE /* Info.plist */,
				9F28CFAF22EE4F680068E71A /* Localizable.strings */,
			);
			name = Resources;
			sourceTree = "<group>";
		};
		9FBF2BCA218E4AB9009212BE /* Utils */ = {
			isa = PBXGroup;
			children = (
				9FBF2BDB218E9892009212BE /* CalculationError.swift */,
				9FBF2C1221903F6D009212BE /* ErrorMessages.swift */,
				9FBF2BDD218E98F4009212BE /* Extensions.swift */,
				9F28CFA122EE36360068E71A /* UniversalViewDelegate.swift */,
				9F28CFA422EE3FE20068E71A /* ErrorDisplayer.swift */,
				9F28CFA822EE4C300068E71A /* Strings.swift */,
			);
			path = Utils;
			sourceTree = "<group>";
		};
		9FBF2BCB218E4AD1009212BE /* UtilsTests */ = {
			isa = PBXGroup;
			children = (
				9FBF2BD7218E9812009212BE /* CalculationFunctionsTest.swift */,
				9FBF2BDF218E9950009212BE /* CalculationErrorTests.swift */,
			);
			path = UtilsTests;
			sourceTree = "<group>";
		};
		9FBF2BCC218E4AEF009212BE /* ModelsTest */ = {
			isa = PBXGroup;
			children = (
				9FBF2BCD218E5B1A009212BE /* PlasticMaterialTests.swift */,
			);
			path = ModelsTest;
			sourceTree = "<group>";
		};
		9FBF2BE1218EAB85009212BE /* ControllersTests */ = {
			isa = PBXGroup;
			children = (
				9FBF2BE2218EABE9009212BE /* MainTabBarControllerTests.swift */,
			);
			path = ControllersTests;
			sourceTree = "<group>";
		};
		9FBF2BFD218F4D4E009212BE /* ViewsTests */ = {
			isa = PBXGroup;
			children = (
				9FBF2BFE218F4D81009212BE /* UniversalViewTests.swift */,
				9FBF2C00218F878E009212BE /* DimensionTextFieldTests.swift */,
			);
			path = ViewsTests;
			sourceTree = "<group>";
		};
/* End PBXGroup section */

/* Begin PBXNativeTarget section */
		9FBF2B91218E09BB009212BE /* PlasticWeight */ = {
			isa = PBXNativeTarget;
			buildConfigurationList = 9FBF2BBA218E09BE009212BE /* Build configuration list for PBXNativeTarget "PlasticWeight" */;
			buildPhases = (
				9FBF2B8E218E09BB009212BE /* Sources */,
				9FBF2B8F218E09BB009212BE /* Frameworks */,
				9FBF2B90218E09BB009212BE /* Resources */,
			);
			buildRules = (
			);
			dependencies = (
			);
			name = PlasticWeight;
			productName = PlasticWeight;
			productReference = 9FBF2B92218E09BB009212BE /* PlasticWeight.app */;
			productType = "com.apple.product-type.application";
		};
		9FBF2BA5218E09BD009212BE /* PlasticWeightTests */ = {
			isa = PBXNativeTarget;
			buildConfigurationList = 9FBF2BBD218E09BE009212BE /* Build configuration list for PBXNativeTarget "PlasticWeightTests" */;
			buildPhases = (
				9FBF2BA2218E09BD009212BE /* Sources */,
				9FBF2BA3218E09BD009212BE /* Frameworks */,
				9FBF2BA4218E09BD009212BE /* Resources */,
			);
			buildRules = (
			);
			dependencies = (
				9FBF2BA8218E09BD009212BE /* PBXTargetDependency */,
			);
			name = PlasticWeightTests;
			productName = PlasticWeightTests;
			productReference = 9FBF2BA6218E09BD009212BE /* PlasticWeightTests.xctest */;
			productType = "com.apple.product-type.bundle.unit-test";
		};
		9FBF2BB0218E09BD009212BE /* PlasticWeightUITests */ = {
			isa = PBXNativeTarget;
			buildConfigurationList = 9FBF2BC0218E09BE009212BE /* Build configuration list for PBXNativeTarget "PlasticWeightUITests" */;
			buildPhases = (
				9FBF2BAD218E09BD009212BE /* Sources */,
				9FBF2BAE218E09BD009212BE /* Frameworks */,
				9FBF2BAF218E09BD009212BE /* Resources */,
			);
			buildRules = (
			);
			dependencies = (
				9FBF2BB3218E09BD009212BE /* PBXTargetDependency */,
			);
			name = PlasticWeightUITests;
			productName = PlasticWeightUITests;
			productReference = 9FBF2BB1218E09BD009212BE /* PlasticWeightUITests.xctest */;
			productType = "com.apple.product-type.bundle.ui-testing";
		};
/* End PBXNativeTarget section */

/* Begin PBXProject section */
		9FBF2B8A218E09BB009212BE /* Project object */ = {
			isa = PBXProject;
			attributes = {
				LastSwiftUpdateCheck = 1010;
				LastUpgradeCheck = 1010;
				ORGANIZATIONNAME = "Codeine Technologies LLC.";
				TargetAttributes = {
					9FBF2B91218E09BB009212BE = {
						CreatedOnToolsVersion = 10.1;
						LastSwiftMigration = 1020;
					};
					9FBF2BA5218E09BD009212BE = {
						CreatedOnToolsVersion = 10.1;
						LastSwiftMigration = 1020;
						TestTargetID = 9FBF2B91218E09BB009212BE;
					};
					9FBF2BB0218E09BD009212BE = {
						CreatedOnToolsVersion = 10.1;
						LastSwiftMigration = 1020;
						TestTargetID = 9FBF2B91218E09BB009212BE;
					};
				};
			};
			buildConfigurationList = 9FBF2B8D218E09BB009212BE /* Build configuration list for PBXProject "PlasticWeight" */;
			compatibilityVersion = "Xcode 9.3";
			developmentRegion = en;
			hasScannedForEncodings = 0;
			knownRegions = (
				en,
				Base,
				es,
			);
			mainGroup = 9FBF2B89218E09BB009212BE;
			productRefGroup = 9FBF2B93218E09BB009212BE /* Products */;
			projectDirPath = "";
			projectRoot = "";
			targets = (
				9FBF2B91218E09BB009212BE /* PlasticWeight */,
				9FBF2BA5218E09BD009212BE /* PlasticWeightTests */,
				9FBF2BB0218E09BD009212BE /* PlasticWeightUITests */,
			);
		};
/* End PBXProject section */

/* Begin PBXResourcesBuildPhase section */
		9FBF2B90218E09BB009212BE /* Resources */ = {
			isa = PBXResourcesBuildPhase;
			buildActionMask = 2147483647;
			files = (
				9FBF2BA0218E09BD009212BE /* LaunchScreen.storyboard in Resources */,
				9F28CFAD22EE4F680068E71A /* Localizable.strings in Resources */,
				9FBF2BC4218E0F9C009212BE /* .gitignore in Resources */,
				9FBF2B9D218E09BD009212BE /* Assets.xcassets in Resources */,
			);
			runOnlyForDeploymentPostprocessing = 0;
		};
		9FBF2BA4218E09BD009212BE /* Resources */ = {
			isa = PBXResourcesBuildPhase;
			buildActionMask = 2147483647;
			files = (
			);
			runOnlyForDeploymentPostprocessing = 0;
		};
		9FBF2BAF218E09BD009212BE /* Resources */ = {
			isa = PBXResourcesBuildPhase;
			buildActionMask = 2147483647;
			files = (
			);
			runOnlyForDeploymentPostprocessing = 0;
		};
/* End PBXResourcesBuildPhase section */

/* Begin PBXSourcesBuildPhase section */
		9FBF2B8E218E09BB009212BE /* Sources */ = {
			isa = PBXSourcesBuildPhase;
			buildActionMask = 2147483647;
			files = (
				9FBF2BD0218E5B96009212BE /* Plastic.swift in Sources */,
				9F28CF9C22EE35370068E71A /* RodViewController.swift in Sources */,
				9F28CF9A22EE34FD0068E71A /* SheetBarViewController.swift in Sources */,
				9F28CFB522F126990068E71A /* MetricWeightCalculator.swift in Sources */,
				9FBF2BDE218E98F4009212BE /* Extensions.swift in Sources */,
				9FBF2BDA218E9851009212BE /* ImperialWeightCalculator.swift in Sources */,
				9FBF2C1321903F6D009212BE /* ErrorMessages.swift in Sources */,
				9F2D87A22293159A00205B6E /* InputField.swift in Sources */,
				9FBF2BE5218EACC6009212BE /* MainTabBarController.swift in Sources */,
				9FBF2BF5218EDF2B009212BE /* UniversalView.swift in Sources */,
				9F28CFA922EE4C300068E71A /* Strings.swift in Sources */,
				9FBF2BDC218E9892009212BE /* CalculationError.swift in Sources */,
				9F28CF9E22EE35560068E71A /* RoundTubeViewController.swift in Sources */,
				9FBF2C0B21900FA6009212BE /* RadiusButton.swift in Sources */,
				9F28CFA522EE3FE20068E71A /* ErrorDisplayer.swift in Sources */,
				9FBF2C0F21903763009212BE /* TextFieldStackView.swift in Sources */,
				9FBF2BF9218EE3BD009212BE /* DimensionTextField.swift in Sources */,
				9F28CFA022EE35660068E71A /* SquareTubeViewController.swift in Sources */,
				9F28CFB322F124010068E71A /* WeightCalculatorType.swift in Sources */,
				9FBF2BD6218E8CFB009212BE /* PlasticManager.swift in Sources */,
				9F28CFA222EE36360068E71A /* UniversalViewDelegate.swift in Sources */,
				9FBF2B96218E09BB009212BE /* AppDelegate.swift in Sources */,
				9F2D87A422931D9900205B6E /* Form.swift in Sources */,
				9FBF2C09219008BF009212BE /* DimensionLabel.swift in Sources */,
				9FBF2BF7218EDFD6009212BE /* MaterialType.swift in Sources */,
			);
			runOnlyForDeploymentPostprocessing = 0;
		};
		9FBF2BA2218E09BD009212BE /* Sources */ = {
			isa = PBXSourcesBuildPhase;
			buildActionMask = 2147483647;
			files = (
				9FBF2BAB218E09BD009212BE /* PlasticWeightTests.swift in Sources */,
				9FBF2BD8218E9812009212BE /* CalculationFunctionsTest.swift in Sources */,
				9FBF2C01218F878E009212BE /* DimensionTextFieldTests.swift in Sources */,
				9FBF2BE3218EABE9009212BE /* MainTabBarControllerTests.swift in Sources */,
				9FBF2BE0218E9950009212BE /* CalculationErrorTests.swift in Sources */,
				9FBF2BFF218F4D81009212BE /* UniversalViewTests.swift in Sources */,
				9FBF2BCE218E5B1A009212BE /* PlasticMaterialTests.swift in Sources */,
			);
			runOnlyForDeploymentPostprocessing = 0;
		};
		9FBF2BAD218E09BD009212BE /* Sources */ = {
			isa = PBXSourcesBuildPhase;
			buildActionMask = 2147483647;
			files = (
				9FBF2BB6218E09BE009212BE /* PlasticWeightUITests.swift in Sources */,
				9F28CFA722EE464C0068E71A /* SheetBarVCTests.swift in Sources */,
				9FB8B1FC2287E3FD00AD393E /* SnapshotHelper.swift in Sources */,
			);
			runOnlyForDeploymentPostprocessing = 0;
		};
/* End PBXSourcesBuildPhase section */

/* Begin PBXTargetDependency section */
		9FBF2BA8218E09BD009212BE /* PBXTargetDependency */ = {
			isa = PBXTargetDependency;
			target = 9FBF2B91218E09BB009212BE /* PlasticWeight */;
			targetProxy = 9FBF2BA7218E09BD009212BE /* PBXContainerItemProxy */;
		};
		9FBF2BB3218E09BD009212BE /* PBXTargetDependency */ = {
			isa = PBXTargetDependency;
			target = 9FBF2B91218E09BB009212BE /* PlasticWeight */;
			targetProxy = 9FBF2BB2218E09BD009212BE /* PBXContainerItemProxy */;
		};
/* End PBXTargetDependency section */

/* Begin PBXVariantGroup section */
		9F28CFAF22EE4F680068E71A /* Localizable.strings */ = {
			isa = PBXVariantGroup;
			children = (
				9F28CFB022EE4F700068E71A /* en */,
				9F28CFB122EE4F830068E71A /* es */,
			);
			name = Localizable.strings;
			sourceTree = "<group>";
		};
		9FBF2B9E218E09BD009212BE /* LaunchScreen.storyboard */ = {
			isa = PBXVariantGroup;
			children = (
				9FBF2B9F218E09BD009212BE /* Base */,
				9F28CFAA22EE4F260068E71A /* es */,
			);
			name = LaunchScreen.storyboard;
			sourceTree = "<group>";
		};
/* End PBXVariantGroup section */

/* Begin XCBuildConfiguration section */
		9FBF2BB8218E09BE009212BE /* Debug */ = {
			isa = XCBuildConfiguration;
			buildSettings = {
				ALWAYS_SEARCH_USER_PATHS = NO;
				CLANG_ANALYZER_LOCALIZABILITY_NONLOCALIZED = YES;
				CLANG_ANALYZER_NONNULL = YES;
				CLANG_ANALYZER_NUMBER_OBJECT_CONVERSION = YES_AGGRESSIVE;
				CLANG_CXX_LANGUAGE_STANDARD = "gnu++14";
				CLANG_CXX_LIBRARY = "libc++";
				CLANG_ENABLE_MODULES = YES;
				CLANG_ENABLE_OBJC_ARC = YES;
				CLANG_ENABLE_OBJC_WEAK = YES;
				CLANG_WARN_BLOCK_CAPTURE_AUTORELEASING = YES;
				CLANG_WARN_BOOL_CONVERSION = YES;
				CLANG_WARN_COMMA = YES;
				CLANG_WARN_CONSTANT_CONVERSION = YES;
				CLANG_WARN_DEPRECATED_OBJC_IMPLEMENTATIONS = YES;
				CLANG_WARN_DIRECT_OBJC_ISA_USAGE = YES_ERROR;
				CLANG_WARN_DOCUMENTATION_COMMENTS = YES;
				CLANG_WARN_EMPTY_BODY = YES;
				CLANG_WARN_ENUM_CONVERSION = YES;
				CLANG_WARN_INFINITE_RECURSION = YES;
				CLANG_WARN_INT_CONVERSION = YES;
				CLANG_WARN_NON_LITERAL_NULL_CONVERSION = YES;
				CLANG_WARN_OBJC_IMPLICIT_RETAIN_SELF = YES;
				CLANG_WARN_OBJC_LITERAL_CONVERSION = YES;
				CLANG_WARN_OBJC_ROOT_CLASS = YES_ERROR;
				CLANG_WARN_RANGE_LOOP_ANALYSIS = YES;
				CLANG_WARN_STRICT_PROTOTYPES = YES;
				CLANG_WARN_SUSPICIOUS_MOVE = YES;
				CLANG_WARN_UNGUARDED_AVAILABILITY = YES_AGGRESSIVE;
				CLANG_WARN_UNREACHABLE_CODE = YES;
				CLANG_WARN__DUPLICATE_METHOD_MATCH = YES;
				CODE_SIGN_IDENTITY = "iPhone Developer";
				COPY_PHASE_STRIP = NO;
				DEBUG_INFORMATION_FORMAT = dwarf;
				DEVELOPMENT_TEAM = HZQ3ZGBLE6;
				ENABLE_STRICT_OBJC_MSGSEND = YES;
				ENABLE_TESTABILITY = YES;
				GCC_C_LANGUAGE_STANDARD = gnu11;
				GCC_DYNAMIC_NO_PIC = NO;
				GCC_NO_COMMON_BLOCKS = YES;
				GCC_OPTIMIZATION_LEVEL = 0;
				GCC_PREPROCESSOR_DEFINITIONS = (
					"DEBUG=1",
					"$(inherited)",
				);
				GCC_WARN_64_TO_32_BIT_CONVERSION = YES;
				GCC_WARN_ABOUT_RETURN_TYPE = YES_ERROR;
				GCC_WARN_UNDECLARED_SELECTOR = YES;
				GCC_WARN_UNINITIALIZED_AUTOS = YES_AGGRESSIVE;
				GCC_WARN_UNUSED_FUNCTION = YES;
				GCC_WARN_UNUSED_VARIABLE = YES;
				IPHONEOS_DEPLOYMENT_TARGET = 12.1;
				MTL_ENABLE_DEBUG_INFO = INCLUDE_SOURCE;
				MTL_FAST_MATH = YES;
				ONLY_ACTIVE_ARCH = YES;
				SDKROOT = iphoneos;
				SWIFT_ACTIVE_COMPILATION_CONDITIONS = DEBUG;
				SWIFT_OPTIMIZATION_LEVEL = "-Onone";
			};
			name = Debug;
		};
		9FBF2BB9218E09BE009212BE /* Release */ = {
			isa = XCBuildConfiguration;
			buildSettings = {
				ALWAYS_SEARCH_USER_PATHS = NO;
				CLANG_ANALYZER_LOCALIZABILITY_NONLOCALIZED = YES;
				CLANG_ANALYZER_NONNULL = YES;
				CLANG_ANALYZER_NUMBER_OBJECT_CONVERSION = YES_AGGRESSIVE;
				CLANG_CXX_LANGUAGE_STANDARD = "gnu++14";
				CLANG_CXX_LIBRARY = "libc++";
				CLANG_ENABLE_MODULES = YES;
				CLANG_ENABLE_OBJC_ARC = YES;
				CLANG_ENABLE_OBJC_WEAK = YES;
				CLANG_WARN_BLOCK_CAPTURE_AUTORELEASING = YES;
				CLANG_WARN_BOOL_CONVERSION = YES;
				CLANG_WARN_COMMA = YES;
				CLANG_WARN_CONSTANT_CONVERSION = YES;
				CLANG_WARN_DEPRECATED_OBJC_IMPLEMENTATIONS = YES;
				CLANG_WARN_DIRECT_OBJC_ISA_USAGE = YES_ERROR;
				CLANG_WARN_DOCUMENTATION_COMMENTS = YES;
				CLANG_WARN_EMPTY_BODY = YES;
				CLANG_WARN_ENUM_CONVERSION = YES;
				CLANG_WARN_INFINITE_RECURSION = YES;
				CLANG_WARN_INT_CONVERSION = YES;
				CLANG_WARN_NON_LITERAL_NULL_CONVERSION = YES;
				CLANG_WARN_OBJC_IMPLICIT_RETAIN_SELF = YES;
				CLANG_WARN_OBJC_LITERAL_CONVERSION = YES;
				CLANG_WARN_OBJC_ROOT_CLASS = YES_ERROR;
				CLANG_WARN_RANGE_LOOP_ANALYSIS = YES;
				CLANG_WARN_STRICT_PROTOTYPES = YES;
				CLANG_WARN_SUSPICIOUS_MOVE = YES;
				CLANG_WARN_UNGUARDED_AVAILABILITY = YES_AGGRESSIVE;
				CLANG_WARN_UNREACHABLE_CODE = YES;
				CLANG_WARN__DUPLICATE_METHOD_MATCH = YES;
				CODE_SIGN_IDENTITY = "iPhone Developer";
				COPY_PHASE_STRIP = NO;
				DEBUG_INFORMATION_FORMAT = "dwarf-with-dsym";
				DEVELOPMENT_TEAM = HZQ3ZGBLE6;
				ENABLE_NS_ASSERTIONS = NO;
				ENABLE_STRICT_OBJC_MSGSEND = YES;
				GCC_C_LANGUAGE_STANDARD = gnu11;
				GCC_NO_COMMON_BLOCKS = YES;
				GCC_WARN_64_TO_32_BIT_CONVERSION = YES;
				GCC_WARN_ABOUT_RETURN_TYPE = YES_ERROR;
				GCC_WARN_UNDECLARED_SELECTOR = YES;
				GCC_WARN_UNINITIALIZED_AUTOS = YES_AGGRESSIVE;
				GCC_WARN_UNUSED_FUNCTION = YES;
				GCC_WARN_UNUSED_VARIABLE = YES;
				IPHONEOS_DEPLOYMENT_TARGET = 12.1;
				MTL_ENABLE_DEBUG_INFO = NO;
				MTL_FAST_MATH = YES;
				SDKROOT = iphoneos;
				SWIFT_COMPILATION_MODE = wholemodule;
				SWIFT_OPTIMIZATION_LEVEL = "-O";
				VALIDATE_PRODUCT = YES;
			};
			name = Release;
		};
		9FBF2BBB218E09BE009212BE /* Debug */ = {
			isa = XCBuildConfiguration;
			buildSettings = {
				ASSETCATALOG_COMPILER_APPICON_NAME = AppIcon;
				CODE_SIGN_IDENTITY = "iPhone Distribution";
				CODE_SIGN_STYLE = Manual;
				CURRENT_PROJECT_VERSION = 8;
				DEVELOPMENT_TEAM = HZQ3ZGBLE6;
				INFOPLIST_FILE = PlasticWeight/Info.plist;
				IPHONEOS_DEPLOYMENT_TARGET = 11.0;
				LD_RUNPATH_SEARCH_PATHS = (
					"$(inherited)",
					"@executable_path/Frameworks",
				);
				PRODUCT_BUNDLE_IDENTIFIER = com.codeinetech.PlasticWeight;
				PRODUCT_NAME = "$(TARGET_NAME)";
				PROVISIONING_PROFILE_SPECIFIER = "com.codeinetech.PlasticWeight AppStore";
				SWIFT_VERSION = 5.0;
				TARGETED_DEVICE_FAMILY = 1;
				VERSIONING_SYSTEM = "apple-generic";
			};
			name = Debug;
		};
		9FBF2BBC218E09BE009212BE /* Release */ = {
			isa = XCBuildConfiguration;
			buildSettings = {
				ASSETCATALOG_COMPILER_APPICON_NAME = AppIcon;
				CODE_SIGN_IDENTITY = "iPhone Distribution";
				CODE_SIGN_STYLE = Manual;
				CURRENT_PROJECT_VERSION = 8;
				DEVELOPMENT_TEAM = HZQ3ZGBLE6;
				INFOPLIST_FILE = PlasticWeight/Info.plist;
				IPHONEOS_DEPLOYMENT_TARGET = 11.0;
				LD_RUNPATH_SEARCH_PATHS = (
					"$(inherited)",
					"@executable_path/Frameworks",
				);
				PRODUCT_BUNDLE_IDENTIFIER = com.codeinetech.PlasticWeight;
				PRODUCT_NAME = "$(TARGET_NAME)";
				PROVISIONING_PROFILE_SPECIFIER = "com.codeinetech.PlasticWeight AppStore";
				SWIFT_VERSION = 5.0;
				TARGETED_DEVICE_FAMILY = 1;
				VERSIONING_SYSTEM = "apple-generic";
			};
			name = Release;
		};
		9FBF2BBE218E09BE009212BE /* Debug */ = {
			isa = XCBuildConfiguration;
			buildSettings = {
				ALWAYS_EMBED_SWIFT_STANDARD_LIBRARIES = YES;
				BUNDLE_LOADER = "$(TEST_HOST)";
				CODE_SIGN_STYLE = Automatic;
				DEVELOPMENT_TEAM = HZQ3ZGBLE6;
				INFOPLIST_FILE = PlasticWeightTests/Info.plist;
				LD_RUNPATH_SEARCH_PATHS = (
					"$(inherited)",
					"@executable_path/Frameworks",
					"@loader_path/Frameworks",
				);
				PRODUCT_BUNDLE_IDENTIFIER = com.codeinetech.PlasticWeightTests;
				PRODUCT_NAME = "$(TARGET_NAME)";
				SWIFT_VERSION = 5.0;
				TARGETED_DEVICE_FAMILY = "1,2";
				TEST_HOST = "$(BUILT_PRODUCTS_DIR)/PlasticWeight.app/PlasticWeight";
			};
			name = Debug;
		};
		9FBF2BBF218E09BE009212BE /* Release */ = {
			isa = XCBuildConfiguration;
			buildSettings = {
				ALWAYS_EMBED_SWIFT_STANDARD_LIBRARIES = YES;
				BUNDLE_LOADER = "$(TEST_HOST)";
				CODE_SIGN_STYLE = Automatic;
				DEVELOPMENT_TEAM = HZQ3ZGBLE6;
				INFOPLIST_FILE = PlasticWeightTests/Info.plist;
				LD_RUNPATH_SEARCH_PATHS = (
					"$(inherited)",
					"@executable_path/Frameworks",
					"@loader_path/Frameworks",
				);
				PRODUCT_BUNDLE_IDENTIFIER = com.codeinetech.PlasticWeightTests;
				PRODUCT_NAME = "$(TARGET_NAME)";
				SWIFT_VERSION = 5.0;
				TARGETED_DEVICE_FAMILY = "1,2";
				TEST_HOST = "$(BUILT_PRODUCTS_DIR)/PlasticWeight.app/PlasticWeight";
			};
			name = Release;
		};
		9FBF2BC1218E09BE009212BE /* Debug */ = {
			isa = XCBuildConfiguration;
			buildSettings = {
				ALWAYS_EMBED_SWIFT_STANDARD_LIBRARIES = YES;
				CODE_SIGN_STYLE = Automatic;
				DEVELOPMENT_TEAM = HZQ3ZGBLE6;
				INFOPLIST_FILE = PlasticWeightUITests/Info.plist;
				LD_RUNPATH_SEARCH_PATHS = (
					"$(inherited)",
					"@executable_path/Frameworks",
					"@loader_path/Frameworks",
				);
				PRODUCT_BUNDLE_IDENTIFIER = com.codeinetech.PlasticWeightUITests;
				PRODUCT_NAME = "$(TARGET_NAME)";
				SWIFT_VERSION = 5.0;
				TARGETED_DEVICE_FAMILY = "1,2";
				TEST_TARGET_NAME = PlasticWeight;
			};
			name = Debug;
		};
		9FBF2BC2218E09BE009212BE /* Release */ = {
			isa = XCBuildConfiguration;
			buildSettings = {
				ALWAYS_EMBED_SWIFT_STANDARD_LIBRARIES = YES;
				CODE_SIGN_STYLE = Automatic;
				DEVELOPMENT_TEAM = HZQ3ZGBLE6;
				INFOPLIST_FILE = PlasticWeightUITests/Info.plist;
				LD_RUNPATH_SEARCH_PATHS = (
					"$(inherited)",
					"@executable_path/Frameworks",
					"@loader_path/Frameworks",
				);
				PRODUCT_BUNDLE_IDENTIFIER = com.codeinetech.PlasticWeightUITests;
				PRODUCT_NAME = "$(TARGET_NAME)";
				SWIFT_VERSION = 5.0;
				TARGETED_DEVICE_FAMILY = "1,2";
				TEST_TARGET_NAME = PlasticWeight;
			};
			name = Release;
		};
/* End XCBuildConfiguration section */

/* Begin XCConfigurationList section */
		9FBF2B8D218E09BB009212BE /* Build configuration list for PBXProject "PlasticWeight" */ = {
			isa = XCConfigurationList;
			buildConfigurations = (
				9FBF2BB8218E09BE009212BE /* Debug */,
				9FBF2BB9218E09BE009212BE /* Release */,
			);
			defaultConfigurationIsVisible = 0;
			defaultConfigurationName = Release;
		};
		9FBF2BBA218E09BE009212BE /* Build configuration list for PBXNativeTarget "PlasticWeight" */ = {
			isa = XCConfigurationList;
			buildConfigurations = (
				9FBF2BBB218E09BE009212BE /* Debug */,
				9FBF2BBC218E09BE009212BE /* Release */,
			);
			defaultConfigurationIsVisible = 0;
			defaultConfigurationName = Release;
		};
		9FBF2BBD218E09BE009212BE /* Build configuration list for PBXNativeTarget "PlasticWeightTests" */ = {
			isa = XCConfigurationList;
			buildConfigurations = (
				9FBF2BBE218E09BE009212BE /* Debug */,
				9FBF2BBF218E09BE009212BE /* Release */,
			);
			defaultConfigurationIsVisible = 0;
			defaultConfigurationName = Release;
		};
		9FBF2BC0218E09BE009212BE /* Build configuration list for PBXNativeTarget "PlasticWeightUITests" */ = {
			isa = XCConfigurationList;
			buildConfigurations = (
				9FBF2BC1218E09BE009212BE /* Debug */,
				9FBF2BC2218E09BE009212BE /* Release */,
			);
			defaultConfigurationIsVisible = 0;
			defaultConfigurationName = Release;
		};
/* End XCConfigurationList section */
	};
	rootObject = 9FBF2B8A218E09BB009212BE /* Project object */;
}
